
Microsoft Visual Studio Solution File, Format Version 12.00
# Visual Studio Version 17
VisualStudioVersion = 17.13.35825.156
MinimumVisualStudioVersion = 10.0.40219.1
Project("{FAE04EC0-301F-11D3-BF4B-00C04F79EFBC}") = "ServerManagementProject", "ServerManagementProject.csproj", "{2384AA6C-DD12-404C-8B9B-AB6945E3D379}"
EndProject
Project("{FAE04EC0-301F-11D3-BF4B-00C04F79EFBC}") = "ToDoApp", "..\ToDoApp\ToDoApp.csproj", "{D49AE0B3-96FE-4A39-89A5-10B8382BAE0A}"
EndProject
Global
	GlobalSection(SolutionConfigurationPlatforms) = preSolution
		Debug|Any CPU = Debug|Any CPU
		Release|Any CPU = Release|Any CPU
	EndGlobalSection
	GlobalSection(ProjectConfigurationPlatforms) = postSolution
		{2384AA6C-DD12-404C-8B9B-AB6945E3D379}.Debug|Any CPU.ActiveCfg = Debug|Any CPU
		{2384AA6C-DD12-404C-8B9B-AB6945E3D379}.Debug|Any CPU.Build.0 = Debug|Any CPU
		{2384AA6C-DD12-404C-8B9B-AB6945E3D379}.Release|Any CPU.ActiveCfg = Release|Any CPU
		{2384AA6C-DD12-404C-8B9B-AB6945E3D379}.Release|Any CPU.Build.0 = Release|Any CPU
		{D49AE0B3-96FE-4A39-89A5-10B8382BAE0A}.Debug|Any CPU.ActiveCfg = Debug|Any CPU
		{D49AE0B3-96FE-4A39-89A5-10B8382BAE0A}.Debug|Any CPU.Build.0 = Debug|Any CPU
		{D49AE0B3-96FE-4A39-89A5-10B8382BAE0A}.Release|Any CPU.ActiveCfg = Release|Any CPU
		{D49AE0B3-96FE-4A39-89A5-10B8382BAE0A}.Release|Any CPU.Build.0 = Release|Any CPU
	EndGlobalSection
	GlobalSection(SolutionProperties) = preSolution
		HideSolutionNode = FALSE
	EndGlobalSection
	GlobalSection(ExtensibilityGlobals) = postSolution
		SolutionGuid = {E1E1783C-EFBD-4C40-8546-BA14B166D5BE}
	EndGlobalSection
EndGlobal
